
Microsoft Visual Studio Solution File, Format Version 12.00
# Visual Studio Version 17
VisualStudioVersion = 17.10.35122.118
MinimumVisualStudioVersion = 10.0.40219.1
Project("{FAE04EC0-301F-11D3-BF4B-00C04F79EFBC}") = "Eticaret.WebUI", "Eticaret.WebUI\Eticaret.WebUI.csproj", "{0B10E971-46F9-499D-A394-D718D1CA4B24}"
EndProject
Project("{FAE04EC0-301F-11D3-BF4B-00C04F79EFBC}") = "Eticaret.Core", "Eticaret.Core\Eticaret.Core.csproj", "{2568DA9A-FFC7-47C9-A387-1795BC1D79BD}"
EndProject
Project("{FAE04EC0-301F-11D3-BF4B-00C04F79EFBC}") = "Eticaret.Data", "Eticaret.Data\Eticaret.Data.csproj", "{3FC9862A-A134-4BA8-9355-B048D5B25554}"
EndProject
Project("{FAE04EC0-301F-11D3-BF4B-00C04F79EFBC}") = "Eticaret.Service", "Eticaret.Service\Eticaret.Service.csproj", "{0DE114BE-2A45-43BE-8693-3FBBB64640CE}"
EndProject
Global
	GlobalSection(SolutionConfigurationPlatforms) = preSolution
		Debug|Any CPU = Debug|Any CPU
		Release|Any CPU = Release|Any CPU
	EndGlobalSection
	GlobalSection(ProjectConfigurationPlatforms) = postSolution
		{0B10E971-46F9-499D-A394-D718D1CA4B24}.Debug|Any CPU.ActiveCfg = Debug|Any CPU
		{0B10E971-46F9-499D-A394-D718D1CA4B24}.Debug|Any CPU.Build.0 = Debug|Any CPU
		{0B10E971-46F9-499D-A394-D718D1CA4B24}.Release|Any CPU.ActiveCfg = Release|Any CPU
		{0B10E971-46F9-499D-A394-D718D1CA4B24}.Release|Any CPU.Build.0 = Release|Any CPU
		{2568DA9A-FFC7-47C9-A387-1795BC1D79BD}.Debug|Any CPU.ActiveCfg = Debug|Any CPU
		{2568DA9A-FFC7-47C9-A387-1795BC1D79BD}.Debug|Any CPU.Build.0 = Debug|Any CPU
		{2568DA9A-FFC7-47C9-A387-1795BC1D79BD}.Release|Any CPU.ActiveCfg = Release|Any CPU
		{2568DA9A-FFC7-47C9-A387-1795BC1D79BD}.Release|Any CPU.Build.0 = Release|Any CPU
		{3FC9862A-A134-4BA8-9355-B048D5B25554}.Debug|Any CPU.ActiveCfg = Debug|Any CPU
		{3FC9862A-A134-4BA8-9355-B048D5B25554}.Debug|Any CPU.Build.0 = Debug|Any CPU
		{3FC9862A-A134-4BA8-9355-B048D5B25554}.Release|Any CPU.ActiveCfg = Release|Any CPU
		{3FC9862A-A134-4BA8-9355-B048D5B25554}.Release|Any CPU.Build.0 = Release|Any CPU
		{0DE114BE-2A45-43BE-8693-3FBBB64640CE}.Debug|Any CPU.ActiveCfg = Debug|Any CPU
		{0DE114BE-2A45-43BE-8693-3FBBB64640CE}.Debug|Any CPU.Build.0 = Debug|Any CPU
		{0DE114BE-2A45-43BE-8693-3FBBB64640CE}.Release|Any CPU.ActiveCfg = Release|Any CPU
		{0DE114BE-2A45-43BE-8693-3FBBB64640CE}.Release|Any CPU.Build.0 = Release|Any CPU
	EndGlobalSection
	GlobalSection(SolutionProperties) = preSolution
		HideSolutionNode = FALSE
	EndGlobalSection
	GlobalSection(ExtensibilityGlobals) = postSolution
		SolutionGuid = {F4393E14-1706-497F-ADE5-D169EA8EB2A0}
	EndGlobalSection
EndGlobal
